
Microsoft Visual Studio Solution File, Format Version 12.00
# Visual Studio Version 16
VisualStudioVersion = 16.0.30717.126
MinimumVisualStudioVersion = 10.0.40219.1
Project("{8BC9CEB8-8B4A-11D0-8D11-00A0C91BC942}") = "SinglyLinkedList", "SinglyLinkedList.vcxproj", "{21EC6F2F-79FB-4BAD-A9AC-A21B59326F91}"
EndProject
Global
	GlobalSection(SolutionConfigurationPlatforms) = preSolution
		Debug|x64 = Debug|x64
		Debug|x86 = Debug|x86
		Release|x64 = Release|x64
		Release|x86 = Release|x86
	EndGlobalSection
	GlobalSection(ProjectConfigurationPlatforms) = postSolution
		{21EC6F2F-79FB-4BAD-A9AC-A21B59326F91}.Debug|x64.ActiveCfg = Debug|x64
		{21EC6F2F-79FB-4BAD-A9AC-A21B59326F91}.Debug|x64.Build.0 = Debug|x64
		{21EC6F2F-79FB-4BAD-A9AC-A21B59326F91}.Debug|x86.ActiveCfg = Debug|Win32
		{21EC6F2F-79FB-4BAD-A9AC-A21B59326F91}.Debug|x86.Build.0 = Debug|Win32
		{21EC6F2F-79FB-4BAD-A9AC-A21B59326F91}.Release|x64.ActiveCfg = Release|x64
		{21EC6F2F-79FB-4BAD-A9AC-A21B59326F91}.Release|x64.Build.0 = Release|x64
		{21EC6F2F-79FB-4BAD-A9AC-A21B59326F91}.Release|x86.ActiveCfg = Release|Win32
		{21EC6F2F-79FB-4BAD-A9AC-A21B59326F91}.Release|x86.Build.0 = Release|Win32
	EndGlobalSection
	GlobalSection(SolutionProperties) = preSolution
		HideSolutionNode = FALSE
	EndGlobalSection
	GlobalSection(ExtensibilityGlobals) = postSolution
		SolutionGuid = {27B60036-B4CA-4584-A3F0-E146919F5593}
	EndGlobalSection
EndGlobal
